// !$*UTF8*$!
{
	archiveVersion = 1;
	classes = {
	};
	objectVersion = 50;
	objects = {

/* Begin PBXBuildFile section */
		BD6C7B3823DDF5100001D779 /* AppDelegate.swift in Sources */ = {isa = PBXBuildFile; fileRef = BD6C7B3723DDF5100001D779 /* AppDelegate.swift */; };
		BD6C7B3A23DDF5100001D779 /* SceneDelegate.swift in Sources */ = {isa = PBXBuildFile; fileRef = BD6C7B3923DDF5100001D779 /* SceneDelegate.swift */; };
		BD6C7B3C23DDF5100001D779 /* CustomViewController.swift in Sources */ = {isa = PBXBuildFile; fileRef = BD6C7B3B23DDF5100001D779 /* CustomViewController.swift */; };
		BD6C7B4123DDF5110001D779 /* Assets.xcassets in Resources */ = {isa = PBXBuildFile; fileRef = BD6C7B4023DDF5110001D779 /* Assets.xcassets */; };
		BD6C7B4423DDF5110001D779 /* LaunchScreen.storyboard in Resources */ = {isa = PBXBuildFile; fileRef = BD6C7B4223DDF5110001D779 /* LaunchScreen.storyboard */; };
		BD7E691723E075AD00803EFE /* ModelController.swift in Sources */ = {isa = PBXBuildFile; fileRef = BD7E691623E075AD00803EFE /* ModelController.swift */; };
		BD7E691923E07E8D00803EFE /* Main.storyboard in Resources */ = {isa = PBXBuildFile; fileRef = BD7E691823E07E8D00803EFE /* Main.storyboard */; };
		BDCC300623F637A60023D9EC /* StoryboardViewController.swift in Sources */ = {isa = PBXBuildFile; fileRef = BDCC300523F637A60023D9EC /* StoryboardViewController.swift */; };
/* End PBXBuildFile section */

/* Begin PBXFileReference section */
		BD6C7B3423DDF5100001D779 /* ProgrammaticViewController.app */ = {isa = PBXFileReference; explicitFileType = wrapper.application; includeInIndex = 0; path = ProgrammaticViewController.app; sourceTree = BUILT_PRODUCTS_DIR; };
		BD6C7B3723DDF5100001D779 /* AppDelegate.swift */ = {isa = PBXFileReference; lastKnownFileType = sourcecode.swift; path = AppDelegate.swift; sourceTree = "<group>"; };
		BD6C7B3923DDF5100001D779 /* SceneDelegate.swift */ = {isa = PBXFileReference; lastKnownFileType = sourcecode.swift; path = SceneDelegate.swift; sourceTree = "<group>"; };
		BD6C7B3B23DDF5100001D779 /* CustomViewController.swift */ = {isa = PBXFileReference; lastKnownFileType = sourcecode.swift; path = CustomViewController.swift; sourceTree = "<group>"; };
		BD6C7B4023DDF5110001D779 /* Assets.xcassets */ = {isa = PBXFileReference; lastKnownFileType = folder.assetcatalog; path = Assets.xcassets; sourceTree = "<group>"; };
		BD6C7B4323DDF5110001D779 /* Base */ = {isa = PBXFileReference; lastKnownFileType = file.storyboard; name = Base; path = Base.lproj/LaunchScreen.storyboard; sourceTree = "<group>"; };
		BD6C7B4523DDF5110001D779 /* Info.plist */ = {isa = PBXFileReference; lastKnownFileType = text.plist.xml; path = Info.plist; sourceTree = "<group>"; };
		BD7E691623E075AD00803EFE /* ModelController.swift */ = {isa = PBXFileReference; lastKnownFileType = sourcecode.swift; path = ModelController.swift; sourceTree = "<group>"; };
		BD7E691823E07E8D00803EFE /* Main.storyboard */ = {isa = PBXFileReference; lastKnownFileType = file.storyboard; path = Main.storyboard; sourceTree = "<group>"; };
		BDCC300523F637A60023D9EC /* StoryboardViewController.swift */ = {isa = PBXFileReference; lastKnownFileType = sourcecode.swift; path = StoryboardViewController.swift; sourceTree = "<group>"; };
/* End PBXFileReference section */

/* Begin PBXFrameworksBuildPhase section */
		BD6C7B3123DDF5100001D779 /* Frameworks */ = {
			isa = PBXFrameworksBuildPhase;
			buildActionMask = 2147483647;
			files = (
			);
			runOnlyForDeploymentPostprocessing = 0;
		};
/* End PBXFrameworksBuildPhase section */

/* Begin PBXGroup section */
		BD6C7B2B23DDF5100001D779 = {
			isa = PBXGroup;
			children = (
				BD6C7B3623DDF5100001D779 /* ProgrammaticViewController */,
				BD6C7B3523DDF5100001D779 /* Products */,
			);
			sourceTree = "<group>";
		};
		BD6C7B3523DDF5100001D779 /* Products */ = {
			isa = PBXGroup;
			children = (
				BD6C7B3423DDF5100001D779 /* ProgrammaticViewController.app */,
			);
			name = Products;
			sourceTree = "<group>";
		};
		BD6C7B3623DDF5100001D779 /* ProgrammaticViewController */ = {
			isa = PBXGroup;
			children = (
				BD6C7B3723DDF5100001D779 /* AppDelegate.swift */,
				BD6C7B3923DDF5100001D779 /* SceneDelegate.swift */,
				BD7E691823E07E8D00803EFE /* Main.storyboard */,
				BD7E691623E075AD00803EFE /* ModelController.swift */,
				BD6C7B3B23DDF5100001D779 /* CustomViewController.swift */,
				BDCC300523F637A60023D9EC /* StoryboardViewController.swift */,
				BD6C7B4023DDF5110001D779 /* Assets.xcassets */,
				BD6C7B4223DDF5110001D779 /* LaunchScreen.storyboard */,
				BD6C7B4523DDF5110001D779 /* Info.plist */,
			);
			path = ProgrammaticViewController;
			sourceTree = "<group>";
		};
/* End PBXGroup section */

/* Begin PBXNativeTarget section */
		BD6C7B3323DDF5100001D779 /* ProgrammaticViewController */ = {
			isa = PBXNativeTarget;
			buildConfigurationList = BD6C7B4823DDF5110001D779 /* Build configuration list for PBXNativeTarget "ProgrammaticViewController" */;
			buildPhases = (
				BD6C7B3023DDF5100001D779 /* Sources */,
				BD6C7B3123DDF5100001D779 /* Frameworks */,
				BD6C7B3223DDF5100001D779 /* Resources */,
			);
			buildRules = (
			);
			dependencies = (
			);
			name = ProgrammaticViewController;
			productName = ProgrammaticViewController;
			productReference = BD6C7B3423DDF5100001D779 /* ProgrammaticViewController.app */;
			productType = "com.apple.product-type.application";
		};
/* End PBXNativeTarget section */

/* Begin PBXProject section */
		BD6C7B2C23DDF5100001D779 /* Project object */ = {
			isa = PBXProject;
			attributes = {
				LastSwiftUpdateCheck = 1130;
				LastUpgradeCheck = 1130;
				ORGANIZATIONNAME = "Paul Solt";
				TargetAttributes = {
					BD6C7B3323DDF5100001D779 = {
						CreatedOnToolsVersion = 11.3.1;
					};
				};
			};
			buildConfigurationList = BD6C7B2F23DDF5100001D779 /* Build configuration list for PBXProject "ProgrammaticViewController" */;
			compatibilityVersion = "Xcode 9.3";
			developmentRegion = en;
			hasScannedForEncodings = 0;
			knownRegions = (
				en,
				Base,
			);
			mainGroup = BD6C7B2B23DDF5100001D779;
			productRefGroup = BD6C7B3523DDF5100001D779 /* Products */;
			projectDirPath = "";
			projectRoot = "";
			targets = (
				BD6C7B3323DDF5100001D779 /* ProgrammaticViewController */,
			);
		};
/* End PBXProject section */

/* Begin PBXResourcesBuildPhase section */
		BD6C7B3223DDF5100001D779 /* Resources */ = {
			isa = PBXResourcesBuildPhase;
			buildActionMask = 2147483647;
			files = (
				BD6C7B4423DDF5110001D779 /* LaunchScreen.storyboard in Resources */,
				BD6C7B4123DDF5110001D779 /* Assets.xcassets in Resources */,
				BD7E691923E07E8D00803EFE /* Main.storyboard in Resources */,
			);
			runOnlyForDeploymentPostprocessing = 0;
		};
/* End PBXResourcesBuildPhase section */

/* Begin PBXSourcesBuildPhase section */
		BD6C7B3023DDF5100001D779 /* Sources */ = {
			isa = PBXSourcesBuildPhase;
			buildActionMask = 2147483647;
			files = (
				BDCC300623F637A60023D9EC /* StoryboardViewController.swift in Sources */,
				BD6C7B3C23DDF5100001D779 /* CustomViewController.swift in Sources */,
				BD7E691723E075AD00803EFE /* ModelController.swift in Sources */,
				BD6C7B3823DDF5100001D779 /* AppDelegate.swift in Sources */,
				BD6C7B3A23DDF5100001D779 /* SceneDelegate.swift in Sources */,
			);
			runOnlyForDeploymentPostprocessing = 0;
		};
/* End PBXSourcesBuildPhase section */

/* Begin PBXVariantGroup section */
		BD6C7B4223DDF5110001D779 /* LaunchScreen.storyboard */ = {
			isa = PBXVariantGroup;
			children = (
				BD6C7B4323DDF5110001D779 /* Base */,
			);
			name = LaunchScreen.storyboard;
			sourceTree = "<group>";
		};
/* End PBXVariantGroup section */

/* Begin XCBuildConfiguration section */
		BD6C7B4623DDF5110001D779 /* Debug */ = {
			isa = XCBuildConfiguration;
			buildSettings = {
				ALWAYS_SEARCH_USER_PATHS = NO;
				CLANG_ANALYZER_NONNULL = YES;
				CLANG_ANALYZER_NUMBER_OBJECT_CONVERSION = YES_AGGRESSIVE;
				CLANG_CXX_LANGUAGE_STANDARD = "gnu++14";
				CLANG_CXX_LIBRARY = "libc++";
				CLANG_ENABLE_MODULES = YES;
				CLANG_ENABLE_OBJC_ARC = YES;
				CLANG_ENABLE_OBJC_WEAK = YES;
				CLANG_WARN_BLOCK_CAPTURE_AUTORELEASING = YES;
				CLANG_WARN_BOOL_CONVERSION = YES;
				CLANG_WARN_COMMA = YES;
				CLANG_WARN_CONSTANT_CONVERSION = YES;
				CLANG_WARN_DEPRECATED_OBJC_IMPLEMENTATIONS = YES;
				CLANG_WARN_DIRECT_OBJC_ISA_USAGE = YES_ERROR;
				CLANG_WARN_DOCUMENTATION_COMMENTS = YES;
				CLANG_WARN_EMPTY_BODY = YES;
				CLANG_WARN_ENUM_CONVERSION = YES;
				CLANG_WARN_INFINITE_RECURSION = YES;
				CLANG_WARN_INT_CONVERSION = YES;
				CLANG_WARN_NON_LITERAL_NULL_CONVERSION = YES;
				CLANG_WARN_OBJC_IMPLICIT_RETAIN_SELF = YES;
				CLANG_WARN_OBJC_LITERAL_CONVERSION = YES;
				CLANG_WARN_OBJC_ROOT_CLASS = YES_ERROR;
				CLANG_WARN_RANGE_LOOP_ANALYSIS = YES;
				CLANG_WARN_STRICT_PROTOTYPES = YES;
				CLANG_WARN_SUSPICIOUS_MOVE = YES;
				CLANG_WARN_UNGUARDED_AVAILABILITY = YES_AGGRESSIVE;
				CLANG_WARN_UNREACHABLE_CODE = YES;
				CLANG_WARN__DUPLICATE_METHOD_MATCH = YES;
				COPY_PHASE_STRIP = NO;
				DEBUG_INFORMATION_FORMAT = dwarf;
				ENABLE_STRICT_OBJC_MSGSEND = YES;
				ENABLE_TESTABILITY = YES;
				GCC_C_LANGUAGE_STANDARD = gnu11;
				GCC_DYNAMIC_NO_PIC = NO;
				GCC_NO_COMMON_BLOCKS = YES;
				GCC_OPTIMIZATION_LEVEL = 0;
				GCC_PREPROCESSOR_DEFINITIONS = (
					"DEBUG=1",
					"$(inherited)",
				);
				GCC_WARN_64_TO_32_BIT_CONVERSION = YES;
				GCC_WARN_ABOUT_RETURN_TYPE = YES_ERROR;
				GCC_WARN_UNDECLARED_SELECTOR = YES;
				GCC_WARN_UNINITIALIZED_AUTOS = YES_AGGRESSIVE;
				GCC_WARN_UNUSED_FUNCTION = YES;
				GCC_WARN_UNUSED_VARIABLE = YES;
				IPHONEOS_DEPLOYMENT_TARGET = 13.2;
				MTL_ENABLE_DEBUG_INFO = INCLUDE_SOURCE;
				MTL_FAST_MATH = YES;
				ONLY_ACTIVE_ARCH = YES;
				SDKROOT = iphoneos;
				SWIFT_ACTIVE_COMPILATION_CONDITIONS = DEBUG;
				SWIFT_OPTIMIZATION_LEVEL = "-Onone";
			};
			name = Debug;
		};
		BD6C7B4723DDF5110001D779 /* Release */ = {
			isa = XCBuildConfiguration;
			buildSettings = {
				ALWAYS_SEARCH_USER_PATHS = NO;
				CLANG_ANALYZER_NONNULL = YES;
				CLANG_ANALYZER_NUMBER_OBJECT_CONVERSION = YES_AGGRESSIVE;
				CLANG_CXX_LANGUAGE_STANDARD = "gnu++14";
				CLANG_CXX_LIBRARY = "libc++";
				CLANG_ENABLE_MODULES = YES;
				CLANG_ENABLE_OBJC_ARC = YES;
				CLANG_ENABLE_OBJC_WEAK = YES;
				CLANG_WARN_BLOCK_CAPTURE_AUTORELEASING = YES;
				CLANG_WARN_BOOL_CONVERSION = YES;
				CLANG_WARN_COMMA = YES;
				CLANG_WARN_CONSTANT_CONVERSION = YES;
				CLANG_WARN_DEPRECATED_OBJC_IMPLEMENTATIONS = YES;
				CLANG_WARN_DIRECT_OBJC_ISA_USAGE = YES_ERROR;
				CLANG_WARN_DOCUMENTATION_COMMENTS = YES;
				CLANG_WARN_EMPTY_BODY = YES;
				CLANG_WARN_ENUM_CONVERSION = YES;
				CLANG_WARN_INFINITE_RECURSION = YES;
				CLANG_WARN_INT_CONVERSION = YES;
				CLANG_WARN_NON_LITERAL_NULL_CONVERSION = YES;
				CLANG_WARN_OBJC_IMPLICIT_RETAIN_SELF = YES;
				CLANG_WARN_OBJC_LITERAL_CONVERSION = YES;
				CLANG_WARN_OBJC_ROOT_CLASS = YES_ERROR;
				CLANG_WARN_RANGE_LOOP_ANALYSIS = YES;
				CLANG_WARN_STRICT_PROTOTYPES = YES;
				CLANG_WARN_SUSPICIOUS_MOVE = YES;
				CLANG_WARN_UNGUARDED_AVAILABILITY = YES_AGGRESSIVE;
				CLANG_WARN_UNREACHABLE_CODE = YES;
				CLANG_WARN__DUPLICATE_METHOD_MATCH = YES;
				COPY_PHASE_STRIP = NO;
				DEBUG_INFORMATION_FORMAT = "dwarf-with-dsym";
				ENABLE_NS_ASSERTIONS = NO;
				ENABLE_STRICT_OBJC_MSGSEND = YES;
				GCC_C_LANGUAGE_STANDARD = gnu11;
				GCC_NO_COMMON_BLOCKS = YES;
				GCC_WARN_64_TO_32_BIT_CONVERSION = YES;
				GCC_WARN_ABOUT_RETURN_TYPE = YES_ERROR;
				GCC_WARN_UNDECLARED_SELECTOR = YES;
				GCC_WARN_UNINITIALIZED_AUTOS = YES_AGGRESSIVE;
				GCC_WARN_UNUSED_FUNCTION = YES;
				GCC_WARN_UNUSED_VARIABLE = YES;
				IPHONEOS_DEPLOYMENT_TARGET = 13.2;
				MTL_ENABLE_DEBUG_INFO = NO;
				MTL_FAST_MATH = YES;
				SDKROOT = iphoneos;
				SWIFT_COMPILATION_MODE = wholemodule;
				SWIFT_OPTIMIZATION_LEVEL = "-O";
				VALIDATE_PRODUCT = YES;
			};
			name = Release;
		};
		BD6C7B4923DDF5110001D779 /* Debug */ = {
			isa = XCBuildConfiguration;
			buildSettings = {
				ASSETCATALOG_COMPILER_APPICON_NAME = AppIcon;
				CODE_SIGN_STYLE = Automatic;
				DEVELOPMENT_TEAM = LCRLD36TZ6;
				INFOPLIST_FILE = ProgrammaticViewController/Info.plist;
				LD_RUNPATH_SEARCH_PATHS = (
					"$(inherited)",
					"@executable_path/Frameworks",
				);
				PRODUCT_BUNDLE_IDENTIFIER = com.paulsolt.ProgrammaticViewController;
				PRODUCT_NAME = "$(TARGET_NAME)";
				SWIFT_VERSION = 5.0;
				TARGETED_DEVICE_FAMILY = "1,2";
			};
			name = Debug;
		};
		BD6C7B4A23DDF5110001D779 /* Release */ = {
			isa = XCBuildConfiguration;
			buildSettings = {
				ASSETCATALOG_COMPILER_APPICON_NAME = AppIcon;
				CODE_SIGN_STYLE = Automatic;
				DEVELOPMENT_TEAM = LCRLD36TZ6;
				INFOPLIST_FILE = ProgrammaticViewController/Info.plist;
				LD_RUNPATH_SEARCH_PATHS = (
					"$(inherited)",
					"@executable_path/Frameworks",
				);
				PRODUCT_BUNDLE_IDENTIFIER = com.paulsolt.ProgrammaticViewController;
				PRODUCT_NAME = "$(TARGET_NAME)";
				SWIFT_VERSION = 5.0;
				TARGETED_DEVICE_FAMILY = "1,2";
			};
			name = Release;
		};
/* End XCBuildConfiguration section */

/* Begin XCConfigurationList section */
		BD6C7B2F23DDF5100001D779 /* Build configuration list for PBXProject "ProgrammaticViewController" */ = {
			isa = XCConfigurationList;
			buildConfigurations = (
				BD6C7B4623DDF5110001D779 /* Debug */,
				BD6C7B4723DDF5110001D779 /* Release */,
			);
			defaultConfigurationIsVisible = 0;
			defaultConfigurationName = Release;
		};
		BD6C7B4823DDF5110001D779 /* Build configuration list for PBXNativeTarget "ProgrammaticViewController" */ = {
			isa = XCConfigurationList;
			buildConfigurations = (
				BD6C7B4923DDF5110001D779 /* Debug */,
				BD6C7B4A23DDF5110001D779 /* Release */,
			);
			defaultConfigurationIsVisible = 0;
			defaultConfigurationName = Release;
		};
/* End XCConfigurationList section */
	};
	rootObject = BD6C7B2C23DDF5100001D779 /* Project object */;
}
